Microsoft Visual Studio Solution File, Format Version 12.00
# Visual Studio Version 17
VisualStudioVersion = 17.5.2.0
MinimumVisualStudioVersion = 10.0.40219.1
Project("{FAE04EC0-301F-11D3-BF4B-00C04F79EFBC}") = "LibraryCatalog", "LibraryCatalog.csproj", "{962790F1-0D18-C4BF-8006-7DFC2B9C980F}"
EndProject
Global
	GlobalSection(SolutionConfigurationPlatforms) = preSolution
		Debug|Any CPU = Debug|Any CPU
		Release|Any CPU = Release|Any CPU
	EndGlobalSection
	GlobalSection(ProjectConfigurationPlatforms) = postSolution
		{962790F1-0D18-C4BF-8006-7DFC2B9C980F}.Debug|Any CPU.ActiveCfg = Debug|Any CPU
		{962790F1-0D18-C4BF-8006-7DFC2B9C980F}.Debug|Any CPU.Build.0 = Debug|Any CPU
		{962790F1-0D18-C4BF-8006-7DFC2B9C980F}.Release|Any CPU.ActiveCfg = Release|Any CPU
		{962790F1-0D18-C4BF-8006-7DFC2B9C980F}.Release|Any CPU.Build.0 = Release|Any CPU
	EndGlobalSection
	GlobalSection(SolutionProperties) = preSolution
		HideSolutionNode = FALSE
	EndGlobalSection
	GlobalSection(ExtensibilityGlobals) = postSolution
		SolutionGuid = {30C4EA2C-2C22-4D6D-AC96-D26BA1E28F96}
	EndGlobalSection
EndGlobal
